
Microsoft Visual Studio Solution File, Format Version 11.00
# Visual Studio 2010
Project("{FAE04EC0-301F-11D3-BF4B-00C04F79EFBC}") = "gametaishou", "Assembly-CSharp.csproj", "{57D7444F-2FD3-7992-F05B-9C7E216CC166}"
EndProject
Project("{FAE04EC0-301F-11D3-BF4B-00C04F79EFBC}") = "gametaishou", "Assembly-CSharp-firstpass.csproj", "{3F100DFB-A99A-5592-B8EA-E04284294DC0}"
EndProject
Project("{FAE04EC0-301F-11D3-BF4B-00C04F79EFBC}") = "gametaishou", "Assembly-CSharp-Editor-firstpass.csproj", "{0691A374-A770-A886-1C53-B96AB492E24F}"
EndProject
Project("{FAE04EC0-301F-11D3-BF4B-00C04F79EFBC}") = "gametaishou", "Assembly-CSharp-Editor.csproj", "{FD546752-0B66-38F6-8AF7-512B8FF3776B}"
EndProject
Global
	GlobalSection(SolutionConfigurationPlatforms) = preSolution
		Debug|Any CPU = Debug|Any CPU
		Release|Any CPU = Release|Any CPU
	EndGlobalSection
	GlobalSection(ProjectConfigurationPlatforms) = postSolution
		{57D7444F-2FD3-7992-F05B-9C7E216CC166}.Debug|Any CPU.ActiveCfg = Debug|Any CPU
		{57D7444F-2FD3-7992-F05B-9C7E216CC166}.Debug|Any CPU.Build.0 = Debug|Any CPU
		{57D7444F-2FD3-7992-F05B-9C7E216CC166}.Release|Any CPU.ActiveCfg = Release|Any CPU
		{57D7444F-2FD3-7992-F05B-9C7E216CC166}.Release|Any CPU.Build.0 = Release|Any CPU
		{3F100DFB-A99A-5592-B8EA-E04284294DC0}.Debug|Any CPU.ActiveCfg = Debug|Any CPU
		{3F100DFB-A99A-5592-B8EA-E04284294DC0}.Debug|Any CPU.Build.0 = Debug|Any CPU
		{3F100DFB-A99A-5592-B8EA-E04284294DC0}.Release|Any CPU.ActiveCfg = Release|Any CPU
		{3F100DFB-A99A-5592-B8EA-E04284294DC0}.Release|Any CPU.Build.0 = Release|Any CPU
		{0691A374-A770-A886-1C53-B96AB492E24F}.Debug|Any CPU.ActiveCfg = Debug|Any CPU
		{0691A374-A770-A886-1C53-B96AB492E24F}.Debug|Any CPU.Build.0 = Debug|Any CPU
		{0691A374-A770-A886-1C53-B96AB492E24F}.Release|Any CPU.ActiveCfg = Release|Any CPU
		{0691A374-A770-A886-1C53-B96AB492E24F}.Release|Any CPU.Build.0 = Release|Any CPU
		{FD546752-0B66-38F6-8AF7-512B8FF3776B}.Debug|Any CPU.ActiveCfg = Debug|Any CPU
		{FD546752-0B66-38F6-8AF7-512B8FF3776B}.Debug|Any CPU.Build.0 = Debug|Any CPU
		{FD546752-0B66-38F6-8AF7-512B8FF3776B}.Release|Any CPU.ActiveCfg = Release|Any CPU
		{FD546752-0B66-38F6-8AF7-512B8FF3776B}.Release|Any CPU.Build.0 = Release|Any CPU
	EndGlobalSection
	GlobalSection(SolutionProperties) = preSolution
		HideSolutionNode = FALSE
	EndGlobalSection
	GlobalSection(MonoDevelopProperties) = preSolution
		StartupItem = Assembly-CSharp.csproj
	EndGlobalSection
EndGlobal
