
Microsoft Visual Studio Solution File, Format Version 11.00
# Visual Studio 2010
Project("{FAE04EC0-301F-11D3-BF4B-00C04F79EFBC}") = "表裏一体_最新_0629", "Assembly-CSharp.csproj", "{24966CCD-39BA-7544-09DA-66F12D1FC7BA}"
EndProject
Project("{FAE04EC0-301F-11D3-BF4B-00C04F79EFBC}") = "表裏一体_最新_0629", "Assembly-CSharp-firstpass.csproj", "{8149DD09-F820-9C53-8EC8-9BC17442A192}"
EndProject
Project("{FAE04EC0-301F-11D3-BF4B-00C04F79EFBC}") = "表裏一体_最新_0629", "Assembly-CSharp-Editor-firstpass.csproj", "{74D243EA-86C3-201A-72BD-6CF10B3A5B48}"
EndProject
Global
	GlobalSection(SolutionConfigurationPlatforms) = preSolution
		Debug|Any CPU = Debug|Any CPU
		Release|Any CPU = Release|Any CPU
	EndGlobalSection
	GlobalSection(ProjectConfigurationPlatforms) = postSolution
		{24966CCD-39BA-7544-09DA-66F12D1FC7BA}.Debug|Any CPU.ActiveCfg = Debug|Any CPU
		{24966CCD-39BA-7544-09DA-66F12D1FC7BA}.Debug|Any CPU.Build.0 = Debug|Any CPU
		{24966CCD-39BA-7544-09DA-66F12D1FC7BA}.Release|Any CPU.ActiveCfg = Release|Any CPU
		{24966CCD-39BA-7544-09DA-66F12D1FC7BA}.Release|Any CPU.Build.0 = Release|Any CPU
		{8149DD09-F820-9C53-8EC8-9BC17442A192}.Debug|Any CPU.ActiveCfg = Debug|Any CPU
		{8149DD09-F820-9C53-8EC8-9BC17442A192}.Debug|Any CPU.Build.0 = Debug|Any CPU
		{8149DD09-F820-9C53-8EC8-9BC17442A192}.Release|Any CPU.ActiveCfg = Release|Any CPU
		{8149DD09-F820-9C53-8EC8-9BC17442A192}.Release|Any CPU.Build.0 = Release|Any CPU
		{74D243EA-86C3-201A-72BD-6CF10B3A5B48}.Debug|Any CPU.ActiveCfg = Debug|Any CPU
		{74D243EA-86C3-201A-72BD-6CF10B3A5B48}.Debug|Any CPU.Build.0 = Debug|Any CPU
		{74D243EA-86C3-201A-72BD-6CF10B3A5B48}.Release|Any CPU.ActiveCfg = Release|Any CPU
		{74D243EA-86C3-201A-72BD-6CF10B3A5B48}.Release|Any CPU.Build.0 = Release|Any CPU
	EndGlobalSection
	GlobalSection(SolutionProperties) = preSolution
		HideSolutionNode = FALSE
	EndGlobalSection
	GlobalSection(MonoDevelopProperties) = preSolution
		StartupItem = Assembly-CSharp.csproj
	EndGlobalSection
EndGlobal
