
Microsoft Visual Studio Solution File, Format Version 11.00
# Visual Studio 2010
Project("{FAE04EC0-301F-11D3-BF4B-00C04F79EFBC}") = "表裏一体_20", "Assembly-CSharp-firstpass.csproj", "{A538E052-9B1B-C57D-7BEE-F082162E3228}"
EndProject
Project("{FAE04EC0-301F-11D3-BF4B-00C04F79EFBC}") = "表裏一体_20", "Assembly-CSharp.csproj", "{B94D931E-6E49-400E-FC87-111B05BFD655}"
EndProject
Project("{FAE04EC0-301F-11D3-BF4B-00C04F79EFBC}") = "表裏一体_20", "Assembly-CSharp-Editor-firstpass.csproj", "{DB352965-598A-D583-F727-3E952D7CCA6B}"
EndProject
Global
	GlobalSection(SolutionConfigurationPlatforms) = preSolution
		Debug|Any CPU = Debug|Any CPU
		Release|Any CPU = Release|Any CPU
	EndGlobalSection
	GlobalSection(ProjectConfigurationPlatforms) = postSolution
		{A538E052-9B1B-C57D-7BEE-F082162E3228}.Debug|Any CPU.ActiveCfg = Debug|Any CPU
		{A538E052-9B1B-C57D-7BEE-F082162E3228}.Debug|Any CPU.Build.0 = Debug|Any CPU
		{A538E052-9B1B-C57D-7BEE-F082162E3228}.Release|Any CPU.ActiveCfg = Release|Any CPU
		{A538E052-9B1B-C57D-7BEE-F082162E3228}.Release|Any CPU.Build.0 = Release|Any CPU
		{B94D931E-6E49-400E-FC87-111B05BFD655}.Debug|Any CPU.ActiveCfg = Debug|Any CPU
		{B94D931E-6E49-400E-FC87-111B05BFD655}.Debug|Any CPU.Build.0 = Debug|Any CPU
		{B94D931E-6E49-400E-FC87-111B05BFD655}.Release|Any CPU.ActiveCfg = Release|Any CPU
		{B94D931E-6E49-400E-FC87-111B05BFD655}.Release|Any CPU.Build.0 = Release|Any CPU
		{DB352965-598A-D583-F727-3E952D7CCA6B}.Debug|Any CPU.ActiveCfg = Debug|Any CPU
		{DB352965-598A-D583-F727-3E952D7CCA6B}.Debug|Any CPU.Build.0 = Debug|Any CPU
		{DB352965-598A-D583-F727-3E952D7CCA6B}.Release|Any CPU.ActiveCfg = Release|Any CPU
		{DB352965-598A-D583-F727-3E952D7CCA6B}.Release|Any CPU.Build.0 = Release|Any CPU
	EndGlobalSection
	GlobalSection(SolutionProperties) = preSolution
		HideSolutionNode = FALSE
	EndGlobalSection
	GlobalSection(MonoDevelopProperties) = preSolution
		StartupItem = Assembly-CSharp.csproj
	EndGlobalSection
EndGlobal
